
Microsoft Visual Studio Solution File, Format Version 12.00
# Visual Studio 15
VisualStudioVersion = 15.0.26228.10
MinimumVisualStudioVersion = 10.0.40219.1
Project("{FAE04EC0-301F-11D3-BF4B-00C04F79EFBC}") = "CleanBin", "CleanBin\CleanBin.csproj", "{297C4486-3BC8-4C0F-B02E-7A60C783D8A2}"
EndProject
Project("{FAE04EC0-301F-11D3-BF4B-00C04F79EFBC}") = "Cleanbin.Tests", "Cleanbin.Tests\Cleanbin.Tests.csproj", "{69E5142C-3165-4E0C-A307-6D39F8758DDA}"
EndProject
Project("{FAE04EC0-301F-11D3-BF4B-00C04F79EFBC}") = "Cleanbin.Lib", "Cleanbin.Lib\Cleanbin.Lib.csproj", "{2662A486-ED9C-4647-BD45-8C7B840A4A6D}"
EndProject
Global
	GlobalSection(SolutionConfigurationPlatforms) = preSolution
		Debug|Any CPU = Debug|Any CPU
		Release|Any CPU = Release|Any CPU
	EndGlobalSection
	GlobalSection(ProjectConfigurationPlatforms) = postSolution
		{297C4486-3BC8-4C0F-B02E-7A60C783D8A2}.Debug|Any CPU.ActiveCfg = Debug|Any CPU
		{297C4486-3BC8-4C0F-B02E-7A60C783D8A2}.Debug|Any CPU.Build.0 = Debug|Any CPU
		{297C4486-3BC8-4C0F-B02E-7A60C783D8A2}.Release|Any CPU.ActiveCfg = Release|Any CPU
		{297C4486-3BC8-4C0F-B02E-7A60C783D8A2}.Release|Any CPU.Build.0 = Release|Any CPU
		{69E5142C-3165-4E0C-A307-6D39F8758DDA}.Debug|Any CPU.ActiveCfg = Debug|Any CPU
		{69E5142C-3165-4E0C-A307-6D39F8758DDA}.Debug|Any CPU.Build.0 = Debug|Any CPU
		{69E5142C-3165-4E0C-A307-6D39F8758DDA}.Release|Any CPU.ActiveCfg = Release|Any CPU
		{69E5142C-3165-4E0C-A307-6D39F8758DDA}.Release|Any CPU.Build.0 = Release|Any CPU
		{2662A486-ED9C-4647-BD45-8C7B840A4A6D}.Debug|Any CPU.ActiveCfg = Debug|Any CPU
		{2662A486-ED9C-4647-BD45-8C7B840A4A6D}.Debug|Any CPU.Build.0 = Debug|Any CPU
		{2662A486-ED9C-4647-BD45-8C7B840A4A6D}.Release|Any CPU.ActiveCfg = Release|Any CPU
		{2662A486-ED9C-4647-BD45-8C7B840A4A6D}.Release|Any CPU.Build.0 = Release|Any CPU
	EndGlobalSection
	GlobalSection(SolutionProperties) = preSolution
		HideSolutionNode = FALSE
	EndGlobalSection
	GlobalSection(ExtensibilityGlobals) = postSolution
		SolutionGuid = {AB2E9EB9-0F4C-4A4A-B4C9-F245D4401A77}
	EndGlobalSection
EndGlobal
